<?xml version="1.0" encoding="utf-8"?>
<Project ToolsVersion="4.0" xmlns="http://schemas.microsoft.com/developer/msbuild/2003">
  <ItemGroup>
    <Filter Include="Generated Files">
      <UniqueIdentifier>{71ED8ED8-ACB9-4CE9-BBE1-E00B30144E11}</UniqueIdentifier>
      <Extensions>moc;h;cpp</Extensions>
      <SourceControlFiles>False</SourceControlFiles>
    </Filter>
    <Filter Include="Sources">
      <UniqueIdentifier>{4FC737F1-C7A5-4376-A066-2A32D752A2FF}</UniqueIdentifier>
      <Extensions>cpp;c;cc;cxx;def;odl;idl;hpj;bat;asm;asmx</Extensions>
    </Filter>
    <Filter Include="Sources\UI">
      <UniqueIdentifier>{a38f55e9-7b63-4390-930f-63926e78308c}</UniqueIdentifier>
    </Filter>
    <Filter Include="Resources">
      <UniqueIdentifier>{D9D6E242-F8AF-46E4-B9FD-80ECBC20BA3E}</UniqueIdentifier>
      <Extensions>qrc;*</Extensions>
      <ParseFiles>false</ParseFiles>
    </Filter>
    <Filter Include="Sources\Common">
      <UniqueIdentifier>{cdb87cd1-1935-4a71-a7b5-b764ee031247}</UniqueIdentifier>
    </Filter>
    <Filter Include="Sources\CUDA">
      <UniqueIdentifier>{e558cd7e-ae77-422f-bc0d-11e43c9ee7ff}</UniqueIdentifier>
    </Filter>
    <Filter Include="Sources\Geometry">
      <UniqueIdentifier>{786621ee-18ba-4984-bf8b-019dbd6bda38}</UniqueIdentifier>
    </Filter>
    <Filter Include="Sources\Simulation">
      <UniqueIdentifier>{e7139b74-851c-4cd9-bd41-ac54b60c13a0}</UniqueIdentifier>
    </Filter>
  </ItemGroup>
  <ItemGroup>
    <ClCompile Include="..\Sources\main.cpp">
      <Filter>Sources</Filter>
    </ClCompile>
    <ClCompile Include="..\Sources\UI\MainWindow.cpp">
      <Filter>Sources\UI</Filter>
    </ClCompile>
    <ClCompile Include="..\Sources\UI\CollapsibleBox.cpp">
      <Filter>Sources\UI</Filter>
    </ClCompile>
    <ClCompile Include="..\Sources\UI\ViewPanel.cpp">
      <Filter>Sources\UI</Filter>
    </ClCompile>
    <ClCompile Include="..\Generated\qrc_Icons.cpp">
      <Filter>Generated Files</Filter>
    </ClCompile>
    <ClCompile Include="..\Sources\UI\UISettings.cpp">
      <Filter>Sources\UI</Filter>
    </ClCompile>
    <ClCompile Include="..\Sources\UI\UserInput.cpp">
      <Filter>Sources\UI</Filter>
    </ClCompile>
    <ClCompile Include="..\Sources\Simulation\ParticleGrid.cpp">
      <Filter>Sources\Simulation</Filter>
    </ClCompile>
  </ItemGroup>
  <ItemGroup>
    <CustomBuild Include="..\Sources\UI\MainWindow.h">
      <Filter>Sources\UI</Filter>
    </CustomBuild>
    <CustomBuild Include="..\Sources\UI\MainWindow.ui">
      <Filter>Sources\UI</Filter>
    </CustomBuild>
    <CustomBuild Include="..\Resources\Icons\Icons.qrc">
      <Filter>Resources</Filter>
    </CustomBuild>
    <CustomBuild Include="..\Sources\UI\ViewPanel.h">
      <Filter>Sources\UI</Filter>
    </CustomBuild>
    <CustomBuild Include="..\Sources\UI\DataBinding.h">
      <Filter>Sources\UI</Filter>
    </CustomBuild>
  </ItemGroup>
  <ItemGroup>
    <ClInclude Include="..\Generated\ui_MainWindow.h">
      <Filter>Generated Files</Filter>
    </ClInclude>
    <ClInclude Include="..\Sources\UI\CollapsibleBox.h">
      <Filter>Sources\UI</Filter>
    </ClInclude>
    <ClInclude Include="..\Sources\Common\Renderable.h">
      <Filter>Sources\Common</Filter>
    </ClInclude>
    <ClInclude Include="..\Sources\UI\UISettings.h">
      <Filter>Sources\UI</Filter>
    </ClInclude>
    <ClInclude Include="..\Sources\Common\Math.h">
      <Filter>Sources\Common</Filter>
    </ClInclude>
    <ClInclude Include="..\Sources\CUDA\Vector.h">
      <Filter>Sources\CUDA</Filter>
    </ClInclude>
    <ClInclude Include="..\Sources\Geometry\Grid.h">
      <Filter>Sources\Geometry</Filter>
    </ClInclude>
    <ClInclude Include="..\Sources\UI\UserInput.h">
      <Filter>Sources\UI</Filter>
    </ClInclude>
    <ClInclude Include="..\Sources\Simulation\Material.h">
      <Filter>Sources\Simulation</Filter>
    </ClInclude>
    <ClInclude Include="..\Sources\Simulation\ImplicitCollider.h">
      <Filter>Sources\Simulation</Filter>
    </ClInclude>
    <ClInclude Include="..\Sources\CUDA\Quaternion.h">
      <Filter>Sources\CUDA</Filter>
    </ClInclude>
    <ClInclude Include="..\Sources\CUDA\Matrix.h">
      <Filter>Sources\CUDA</Filter>
    </ClInclude>
    <ClInclude Include="..\Sources\Simulation\Particle.h">
      <Filter>Sources\Simulation</Filter>
    </ClInclude>
    <ClInclude Include="..\Sources\Simulation\Node.h">
      <Filter>Sources\Simulation</Filter>
    </ClInclude>
    <ClInclude Include="..\Sources\Simulation\ParticleGrid.h">
      <Filter>Sources\Simulation</Filter>
    </ClInclude>
  </ItemGroup>
  <ItemGroup>
    <Image Include="..\Resources\Icons\move.png">
      <Filter>Resources</Filter>
    </Image>
    <Image Include="..\Resources\Icons\rotate.png">
      <Filter>Resources</Filter>
    </Image>
    <Image Include="..\Resources\Icons\cursor.png">
      <Filter>Resources</Filter>
    </Image>
    <Image Include="..\Resources\Icons\scale.png">
      <Filter>Resources</Filter>
    </Image>
    <Image Include="..\Resources\Icons\velocity.png">
      <Filter>Resources</Filter>
    </Image>
  </ItemGroup>
</Project>